
Microsoft Visual Studio Solution File, Format Version 12.00
# Visual Studio 15
VisualStudioVersion = 15.0.28307.489
MinimumVisualStudioVersion = 10.0.40219.1
Project("{FAE04EC0-301F-11D3-BF4B-00C04F79EFBC}") = "ConsoleAppAbstractClass", "ConsoleAppAbstractClass.csproj", "{26B06C30-52B8-4FDF-B65E-0CD2C37DAE3C}"
EndProject
Global
	GlobalSection(SolutionConfigurationPlatforms) = preSolution
		Debug|Any CPU = Debug|Any CPU
		Release|Any CPU = Release|Any CPU
	EndGlobalSection
	GlobalSection(ProjectConfigurationPlatforms) = postSolution
		{26B06C30-52B8-4FDF-B65E-0CD2C37DAE3C}.Debug|Any CPU.ActiveCfg = Debug|Any CPU
		{26B06C30-52B8-4FDF-B65E-0CD2C37DAE3C}.Debug|Any CPU.Build.0 = Debug|Any CPU
		{26B06C30-52B8-4FDF-B65E-0CD2C37DAE3C}.Release|Any CPU.ActiveCfg = Release|Any CPU
		{26B06C30-52B8-4FDF-B65E-0CD2C37DAE3C}.Release|Any CPU.Build.0 = Release|Any CPU
	EndGlobalSection
	GlobalSection(SolutionProperties) = preSolution
		HideSolutionNode = FALSE
	EndGlobalSection
	GlobalSection(ExtensibilityGlobals) = postSolution
		SolutionGuid = {9F69E5B5-D7A1-44E5-9A92-88C1CFA88D85}
	EndGlobalSection
EndGlobal
